
Microsoft Visual Studio Solution File, Format Version 12.00
# Visual Studio Version 16
VisualStudioVersion = 16.0.810.3
MinimumVisualStudioVersion = 10.0.40219.1
Project("{FAE04EC0-301F-11D3-BF4B-00C04F79EFBC}") = "BaseballCardOrganizer.API", "BaseballCardOrganizer\BaseballCardOrganizer.API.csproj", "{0392701B-5C30-428F-8AD5-B67F85219D64}"
EndProject
Project("{FAE04EC0-301F-11D3-BF4B-00C04F79EFBC}") = "BaseballCardOrganizer.Business", "BaseballCardOrganizer.Business\BaseballCardOrganizer.Business.csproj", "{0484A75B-7C9C-4BB0-BC19-E5B13AF0B80A}"
EndProject
Project("{FAE04EC0-301F-11D3-BF4B-00C04F79EFBC}") = "BaseballCardOrganizer.Data", "BaseballCardOrganizer.Data\BaseballCardOrganizer.Data.csproj", "{6A9DD196-B64B-4B33-9D91-F56BC623745A}"
EndProject
Project("{FAE04EC0-301F-11D3-BF4B-00C04F79EFBC}") = "BaseballCardOrganizer.Business.Models", "BaseballCardOrganizer.Business.Models\BaseballCardOrganizer.Business.Models.csproj", "{99033C5D-C1B2-44BC-8F4D-C9C6AC879CD6}"
EndProject
Global
	GlobalSection(SolutionConfigurationPlatforms) = preSolution
		Debug|Any CPU = Debug|Any CPU
		Release|Any CPU = Release|Any CPU
	EndGlobalSection
	GlobalSection(ProjectConfigurationPlatforms) = postSolution
		{0392701B-5C30-428F-8AD5-B67F85219D64}.Debug|Any CPU.ActiveCfg = Debug|Any CPU
		{0392701B-5C30-428F-8AD5-B67F85219D64}.Debug|Any CPU.Build.0 = Debug|Any CPU
		{0392701B-5C30-428F-8AD5-B67F85219D64}.Release|Any CPU.ActiveCfg = Release|Any CPU
		{0392701B-5C30-428F-8AD5-B67F85219D64}.Release|Any CPU.Build.0 = Release|Any CPU
		{0484A75B-7C9C-4BB0-BC19-E5B13AF0B80A}.Debug|Any CPU.ActiveCfg = Debug|Any CPU
		{0484A75B-7C9C-4BB0-BC19-E5B13AF0B80A}.Debug|Any CPU.Build.0 = Debug|Any CPU
		{0484A75B-7C9C-4BB0-BC19-E5B13AF0B80A}.Release|Any CPU.ActiveCfg = Release|Any CPU
		{0484A75B-7C9C-4BB0-BC19-E5B13AF0B80A}.Release|Any CPU.Build.0 = Release|Any CPU
		{6A9DD196-B64B-4B33-9D91-F56BC623745A}.Debug|Any CPU.ActiveCfg = Debug|Any CPU
		{6A9DD196-B64B-4B33-9D91-F56BC623745A}.Debug|Any CPU.Build.0 = Debug|Any CPU
		{6A9DD196-B64B-4B33-9D91-F56BC623745A}.Release|Any CPU.ActiveCfg = Release|Any CPU
		{6A9DD196-B64B-4B33-9D91-F56BC623745A}.Release|Any CPU.Build.0 = Release|Any CPU
		{99033C5D-C1B2-44BC-8F4D-C9C6AC879CD6}.Debug|Any CPU.ActiveCfg = Debug|Any CPU
		{99033C5D-C1B2-44BC-8F4D-C9C6AC879CD6}.Debug|Any CPU.Build.0 = Debug|Any CPU
		{99033C5D-C1B2-44BC-8F4D-C9C6AC879CD6}.Release|Any CPU.ActiveCfg = Release|Any CPU
		{99033C5D-C1B2-44BC-8F4D-C9C6AC879CD6}.Release|Any CPU.Build.0 = Release|Any CPU
	EndGlobalSection
	GlobalSection(SolutionProperties) = preSolution
		HideSolutionNode = FALSE
	EndGlobalSection
	GlobalSection(ExtensibilityGlobals) = postSolution
		SolutionGuid = {1FF052C3-A3FD-41D8-BF9E-54C544A5DD42}
	EndGlobalSection
EndGlobal
